
Microsoft Visual Studio Solution File, Format Version 12.00
# Visual Studio Version 16
VisualStudioVersion = 16.0.30907.101
MinimumVisualStudioVersion = 10.0.40219.1
Project("{F184B08F-C81C-45F6-A57F-5ABD9991F28F}") = "Variables CBH", "Variables CBH.vbproj", "{06123B6A-8C32-4762-A825-F569EB0A3792}"
EndProject
Global
	GlobalSection(SolutionConfigurationPlatforms) = preSolution
		Debug|Any CPU = Debug|Any CPU
		Release|Any CPU = Release|Any CPU
	EndGlobalSection
	GlobalSection(ProjectConfigurationPlatforms) = postSolution
		{06123B6A-8C32-4762-A825-F569EB0A3792}.Debug|Any CPU.ActiveCfg = Debug|Any CPU
		{06123B6A-8C32-4762-A825-F569EB0A3792}.Debug|Any CPU.Build.0 = Debug|Any CPU
		{06123B6A-8C32-4762-A825-F569EB0A3792}.Release|Any CPU.ActiveCfg = Release|Any CPU
		{06123B6A-8C32-4762-A825-F569EB0A3792}.Release|Any CPU.Build.0 = Release|Any CPU
	EndGlobalSection
	GlobalSection(SolutionProperties) = preSolution
		HideSolutionNode = FALSE
	EndGlobalSection
	GlobalSection(ExtensibilityGlobals) = postSolution
		SolutionGuid = {AF0A467A-0467-428B-9C29-0DFE75C983AB}
	EndGlobalSection
EndGlobal
